
Microsoft Visual Studio Solution File, Format Version 12.00
# Visual Studio Version 17
VisualStudioVersion = 17.4.33502.350
MinimumVisualStudioVersion = 10.0.40219.1
Project("{FAE04EC0-301F-11D3-BF4B-00C04F79EFBC}") = "DataWarehouseApi", "DatawarehouseApi\DataWarehouseApi.csproj", "{EE9C82CC-E533-4495-ACC7-54579148D0BC}"
EndProject
Global
	GlobalSection(SolutionConfigurationPlatforms) = preSolution
		Debug|Any CPU = Debug|Any CPU
		Release|Any CPU = Release|Any CPU
	EndGlobalSection
	GlobalSection(ProjectConfigurationPlatforms) = postSolution
		{EE9C82CC-E533-4495-ACC7-54579148D0BC}.Debug|Any CPU.ActiveCfg = Debug|Any CPU
		{EE9C82CC-E533-4495-ACC7-54579148D0BC}.Debug|Any CPU.Build.0 = Debug|Any CPU
		{EE9C82CC-E533-4495-ACC7-54579148D0BC}.Release|Any CPU.ActiveCfg = Release|Any CPU
		{EE9C82CC-E533-4495-ACC7-54579148D0BC}.Release|Any CPU.Build.0 = Release|Any CPU
	EndGlobalSection
	GlobalSection(SolutionProperties) = preSolution
		HideSolutionNode = FALSE
	EndGlobalSection
	GlobalSection(ExtensibilityGlobals) = postSolution
		SolutionGuid = {5D780438-A152-4E64-85D9-88CAA09F7429}
	EndGlobalSection
EndGlobal
